
Microsoft Visual Studio Solution File, Format Version 12.00
# Visual Studio Version 16
VisualStudioVersion = 16.0.30717.126
MinimumVisualStudioVersion = 10.0.40219.1
Project("{FAE04EC0-301F-11D3-BF4B-00C04F79EFBC}") = "DongHoCasio", "DongHoCasio\DongHoCasio.csproj", "{0390A23D-94F6-4FBA-BD61-D46E8460C7B5}"
EndProject
Project("{FAE04EC0-301F-11D3-BF4B-00C04F79EFBC}") = "DongHoCasio.Model", "DongHoCasio.Model\DongHoCasio.Model.csproj", "{6B2B5E5F-1790-4285-97B8-888C09F8ED4F}"
EndProject
Global
	GlobalSection(SolutionConfigurationPlatforms) = preSolution
		Debug|Any CPU = Debug|Any CPU
		Release|Any CPU = Release|Any CPU
	EndGlobalSection
	GlobalSection(ProjectConfigurationPlatforms) = postSolution
		{0390A23D-94F6-4FBA-BD61-D46E8460C7B5}.Debug|Any CPU.ActiveCfg = Debug|Any CPU
		{0390A23D-94F6-4FBA-BD61-D46E8460C7B5}.Debug|Any CPU.Build.0 = Debug|Any CPU
		{0390A23D-94F6-4FBA-BD61-D46E8460C7B5}.Release|Any CPU.ActiveCfg = Release|Any CPU
		{0390A23D-94F6-4FBA-BD61-D46E8460C7B5}.Release|Any CPU.Build.0 = Release|Any CPU
		{6B2B5E5F-1790-4285-97B8-888C09F8ED4F}.Debug|Any CPU.ActiveCfg = Debug|Any CPU
		{6B2B5E5F-1790-4285-97B8-888C09F8ED4F}.Debug|Any CPU.Build.0 = Debug|Any CPU
		{6B2B5E5F-1790-4285-97B8-888C09F8ED4F}.Release|Any CPU.ActiveCfg = Release|Any CPU
		{6B2B5E5F-1790-4285-97B8-888C09F8ED4F}.Release|Any CPU.Build.0 = Release|Any CPU
	EndGlobalSection
	GlobalSection(SolutionProperties) = preSolution
		HideSolutionNode = FALSE
	EndGlobalSection
	GlobalSection(ExtensibilityGlobals) = postSolution
		SolutionGuid = {3E62C250-FAF1-4E24-8EF6-210096C3C343}
	EndGlobalSection
EndGlobal
